{
  "name": "@tumelohq/protots-base",
  "version": "0.0.3",
  "lockfileVersion": 1,
  "requires": true,
  "dependencies": {
    "@types/node": {
      "version": "12.6.9",
      "resolved": "https://registry.npmjs.org/@types/node/-/node-12.6.9.tgz",
      "integrity": "sha512-+YB9FtyxXGyD54p8rXwWaN1EWEyar5L58GlGWgtH2I9rGmLGBQcw63+0jw+ujqVavNuO47S1ByAjm9zdHMnskw==",
      "dev": true
    },
    "js-joda": {
      "version": "1.11.0",
      "resolved": "https://registry.npmjs.org/js-joda/-/js-joda-1.11.0.tgz",
      "integrity": "sha512-/HJpRhwP2fPyuSsCaZuoVJuaSIt8tUXykV4wOMRXrFk7RP9h9VWaFdS9YHKdMepxb/3TdXpL6IhfC9L0sqYVBw=="
    },
    "ts-error": {
      "version": "1.0.3",
      "resolved": "https://registry.npmjs.org/ts-error/-/ts-error-1.0.3.tgz",
      "integrity": "sha512-WZQJcLpzfwAEqHokn+gpFdv6aGogM5MEHKko0ykA3t3gULEbzQPPh3wPVNSpEZMPYu+7RtIkCq1DOADIN8OB3A=="
    },
    "typescript": {
      "version": "3.5.3",
      "resolved": "https://registry.npmjs.org/typescript/-/typescript-3.5.3.tgz",
      "integrity": "sha512-ACzBtm/PhXBDId6a6sDJfroT2pOWt/oOnk4/dElG5G33ZL776N3Y6/6bKZJBFpd+b05F3Ct9qDjMeJmRWtE2/g==",
      "dev": true
    }
  }
}
